hash: aab68b35145ab6655229e47b0af1df56d989903dce12e09cde4b499837c760cd
updated: 2017-08-01T00:00:53.353127411+03:00
imports:
- name: git.sw.ru/ap/ap-api-snapshots
  version: 081ee7b8712b7425ffc55136dd24556fb8fe894a
  repo: https://avagin@git.sw.ru/scm/vzap/ap-api-snapshots.git
- name: github.com/aws/aws-sdk-go
  version: 5e436e55ac5eddc739f26a2a209b3f4248ee8e0e
  subpackages:
  - aws
  - aws/session
  - service/efs
- name: github.com/dgrijalva/jwt-go
  version: 01aeca54ebda6e0fbfafd0a524d234159c05ec20
- name: github.com/docker/docker
  version: 092cba3727bb9b4a2f0e922cd6c0f93ea270e363
  subpackages:
  - pkg/mount
- name: github.com/dustin/go-humanize
  version: 259d2a102b871d17f30e3cd9881a642961a1e486
- name: github.com/golang/glog
  version: 44145f04b68cf362d9c4df2182967c2275eaefed
- name: github.com/google/gofuzz
  version: 44d81051d367757e1c7c6a5a86423ece9afcf63c
- name: github.com/guelfey/go.dbus
  version: f6a3a2366cc39b8479cadc499d3c735fb10fbdda
- name: github.com/heketi/heketi
  version: 7a54b6fc903feab1e7cb6573177ca09b544eb1e2
  subpackages:
  - client/api/go-client
  - pkg/glusterfs/api
  - pkg/utils
- name: github.com/kolyshkin/goploop-cli
  version: 5365b446a713e31ac4f2026b05a6dac27bbdf21c
- name: github.com/lpabon/godbc
  version: 9577782540c1398b710ddae1b86268ba03a19b0c
- name: github.com/mitchellh/mapstructure
  version: db1efb556f84b25a0a13a04aad883943538ad2e0
- name: github.com/virtuozzo/ploop-flexvol
  version: 947462e524edc507190c34dde65f9de89dfeb9f3
  subpackages:
  - vstorage
- name: k8s.io/api
  version: e24ed681f56165befbea50a24f7e9f1c079ac366
- name: k8s.io/apimachinery
  version: 728b986edb9bd4bb8a022a8cc13573a97ecc2239
  subpackages:
  - pkg/api/errors
  - pkg/api/resource
  - pkg/apis/meta/v1
  - pkg/runtime
  - pkg/types
  - pkg/util/runtime
  - pkg/util/uuid
  - pkg/util/validation
  - pkg/util/validation/field
  - pkg/util/wait
  - pkg/watch
- name: k8s.io/client-go
  version: 42a124578af9e61f5c6902fa7b6b2cb6538f17d2
  subpackages:
  - kubernetes
  - kubernetes/typed/core/v1
  - rest
  - tools/cache
  - tools/clientcmd
  - tools/record
- name: k8s.io/kubernetes
  version: df7f4b3526a580ef122aaeef61ab52842a60a88b
  subpackages:
  - pkg/util/goroutinemap
  - pkg/util/version
testImports: []
